
Microsoft Visual Studio Solution File, Format Version 12.00
# Visual Studio 15
VisualStudioVersion = 15.0.28307.1022
MinimumVisualStudioVersion = 10.0.40219.1
Project("{FAE04EC0-301F-11D3-BF4B-00C04F79EFBC}") = "ALarkins_BookStoreProject_Stage2", "ALarkins_BookStoreProject_Stage2\ALarkins_BookStoreProject_Stage2.csproj", "{2E7A5EE5-D66F-4C80-B858-9D81E3BD45A8}"
EndProject
Global
	GlobalSection(SolutionConfigurationPlatforms) = preSolution
		Debug|Any CPU = Debug|Any CPU
		Release|Any CPU = Release|Any CPU
	EndGlobalSection
	GlobalSection(ProjectConfigurationPlatforms) = postSolution
		{2E7A5EE5-D66F-4C80-B858-9D81E3BD45A8}.Debug|Any CPU.ActiveCfg = Debug|Any CPU
		{2E7A5EE5-D66F-4C80-B858-9D81E3BD45A8}.Debug|Any CPU.Build.0 = Debug|Any CPU
		{2E7A5EE5-D66F-4C80-B858-9D81E3BD45A8}.Release|Any CPU.ActiveCfg = Release|Any CPU
		{2E7A5EE5-D66F-4C80-B858-9D81E3BD45A8}.Release|Any CPU.Build.0 = Release|Any CPU
	EndGlobalSection
	GlobalSection(SolutionProperties) = preSolution
		HideSolutionNode = FALSE
	EndGlobalSection
	GlobalSection(ExtensibilityGlobals) = postSolution
		SolutionGuid = {DA667031-150F-4A3D-9471-01A2069A61B9}
	EndGlobalSection
EndGlobal
